
Microsoft Visual Studio Solution File, Format Version 12.00
# Visual Studio Version 17
VisualStudioVersion = 17.1.32421.90
MinimumVisualStudioVersion = 10.0.40219.1
Project("{FAE04EC0-301F-11D3-BF4B-00C04F79EFBC}") = "AddressBook", "AddressBook\AddressBook.csproj", "{FE27BD4C-86F1-4EF9-9294-677E75C8695C}"
EndProject
Global
	GlobalSection(SolutionConfigurationPlatforms) = preSolution
		Debug|Any CPU = Debug|Any CPU
		Release|Any CPU = Release|Any CPU
	EndGlobalSection
	GlobalSection(ProjectConfigurationPlatforms) = postSolution
		{FE27BD4C-86F1-4EF9-9294-677E75C8695C}.Debug|Any CPU.ActiveCfg = Debug|Any CPU
		{FE27BD4C-86F1-4EF9-9294-677E75C8695C}.Debug|Any CPU.Build.0 = Debug|Any CPU
		{FE27BD4C-86F1-4EF9-9294-677E75C8695C}.Release|Any CPU.ActiveCfg = Release|Any CPU
		{FE27BD4C-86F1-4EF9-9294-677E75C8695C}.Release|Any CPU.Build.0 = Release|Any CPU
	EndGlobalSection
	GlobalSection(SolutionProperties) = preSolution
		HideSolutionNode = FALSE
	EndGlobalSection
	GlobalSection(ExtensibilityGlobals) = postSolution
		SolutionGuid = {DC2C1C09-3784-4EE7-BB81-1E06CFFBC829}
	EndGlobalSection
EndGlobal
